{
  "nodes": {
    "home-manager": {
      "inputs": {
        "nixpkgs": [
          "nixpkgs"
        ]
      },
      "locked": {
        "lastModified": 1723399884,
        "narHash": "sha256-97wn0ihhGqfMb8WcUgzzkM/TuAxce2Gd20A8oiruju4=",
        "owner": "nix-community",
        "repo": "home-manager",
        "rev": "086f619dd991a4d355c07837448244029fc2d9ab",
        "type": "github"
      },
      "original": {
        "owner": "nix-community",
        "ref": "master",
        "repo": "home-manager",
        "type": "github"
      }
    },
    "nixpkgs": {
      "locked": {
        "lastModified": 1723175592,
        "narHash": "sha256-M0xJ3FbDUc4fRZ84dPGx5VvgFsOzds77KiBMW/mMTnI=",
        "owner": "NixOS",
        "repo": "nixpkgs",
        "rev": "5e0ca22929f3342b19569b21b2f3462f053e497b",
        "type": "github"
      },
      "original": {
        "owner": "NixOS",
        "ref": "nixos-unstable",
        "repo": "nixpkgs",
        "type": "github"
      }
    },
    "nur": {
      "locked": {
        "lastModified": 1723396631,
        "narHash": "sha256-/SZxgs1B3qIveF+vCd0tdPosjkbJ57fSZFPcSGDx6c8=",
        "owner": "nix-community",
        "repo": "NUR",
        "rev": "300d0d9687ce7b672ada107a764705558375e7bf",
        "type": "github"
      },
      "original": {
        "owner": "nix-community",
        "repo": "NUR",
        "type": "github"
      }
    },
    "plasma-manager": {
      "inputs": {
        "home-manager": [
          "home-manager"
        ],
        "nixpkgs": [
          "nixpkgs"
        ]
      },
      "locked": {
        "lastModified": 1723587631,
        "narHash": "sha256-FZ27DsgOROvv/4Cvo34UcIqEJLQ6cKIWHcQsM3zLN3I=",
        "owner": "nix-community",
        "repo": "plasma-manager",
        "rev": "76dab4ba280ddd1b6c5aec0bb0aa0ace201c39ae",
        "type": "github"
      },
      "original": {
        "owner": "nix-community",
        "repo": "plasma-manager",
        "type": "github"
      }
    },
    "root": {
      "inputs": {
        "home-manager": "home-manager",
        "nixpkgs": "nixpkgs",
        "nur": "nur",
        "plasma-manager": "plasma-manager"
      }
    }
  },
  "root": "root",
  "version": 7
}
